
Microsoft Visual Studio Solution File, Format Version 12.00
# Visual Studio Version 16
VisualStudioVersion = 16.0.30204.135
MinimumVisualStudioVersion = 10.0.40219.1
Project("{FAE04EC0-301F-11D3-BF4B-00C04F79EFBC}") = "Test", "Test\Test.csproj", "{1C33AAD1-AC55-4AA4-A1DD-7CBB5D84D0BB}"
EndProject
Global
	GlobalSection(SolutionConfigurationPlatforms) = preSolution
		Debug|Any CPU = Debug|Any CPU
		Release|Any CPU = Release|Any CPU
	EndGlobalSection
	GlobalSection(ProjectConfigurationPlatforms) = postSolution
		{1C33AAD1-AC55-4AA4-A1DD-7CBB5D84D0BB}.Debug|Any CPU.ActiveCfg = Debug|Any CPU
		{1C33AAD1-AC55-4AA4-A1DD-7CBB5D84D0BB}.Debug|Any CPU.Build.0 = Debug|Any CPU
		{1C33AAD1-AC55-4AA4-A1DD-7CBB5D84D0BB}.Release|Any CPU.ActiveCfg = Release|Any CPU
		{1C33AAD1-AC55-4AA4-A1DD-7CBB5D84D0BB}.Release|Any CPU.Build.0 = Release|Any CPU
	EndGlobalSection
	GlobalSection(SolutionProperties) = preSolution
		HideSolutionNode = FALSE
	EndGlobalSection
	GlobalSection(ExtensibilityGlobals) = postSolution
		SolutionGuid = {8708F5E0-8FEA-47F1-B65A-AFA4D81CE470}
	EndGlobalSection
EndGlobal
